// !$*UTF8*$!
{
	archiveVersion = 1;
	classes = {
	};
	objectVersion = 56;
	objects = {

/* Begin PBXBuildFile section */
		CEB2AE242A2AF83900DD0AFE /* ConferenceAppApp.swift in Sources */ = {isa = PBXBuildFile; fileRef = CEB2AE232A2AF83900DD0AFE /* ConferenceAppApp.swift */; };
		CEB2AE262A2AF83900DD0AFE /* ContentView.swift in Sources */ = {isa = PBXBuildFile; fileRef = CEB2AE252A2AF83900DD0AFE /* ContentView.swift */; };
		CEB2AE282A2AF83900DD0AFE /* Assets.xcassets in Resources */ = {isa = PBXBuildFile; fileRef = CEB2AE272A2AF83900DD0AFE /* Assets.xcassets */; };
		CEB2AE2B2A2AF83900DD0AFE /* Preview Assets.xcassets in Resources */ = {isa = PBXBuildFile; fileRef = CEB2AE2A2A2AF83900DD0AFE /* Preview Assets.xcassets */; };
		CEB2AE322A2AF85C00DD0AFE /* ProspectsView.swift in Sources */ = {isa = PBXBuildFile; fileRef = CEB2AE312A2AF85C00DD0AFE /* ProspectsView.swift */; };
		CEB2AE342A2AF87A00DD0AFE /* MeView.swift in Sources */ = {isa = PBXBuildFile; fileRef = CEB2AE332A2AF87A00DD0AFE /* MeView.swift */; };
		CEB2AE362A2AF98800DD0AFE /* Prospect.swift in Sources */ = {isa = PBXBuildFile; fileRef = CEB2AE352A2AF98800DD0AFE /* Prospect.swift */; };
		CEB2AE392A2B060A00DD0AFE /* CodeScanner in Frameworks */ = {isa = PBXBuildFile; productRef = CEB2AE382A2B060A00DD0AFE /* CodeScanner */; };
/* End PBXBuildFile section */

/* Begin PBXFileReference section */
		CEB2AE202A2AF83900DD0AFE /* ConferenceApp.app */ = {isa = PBXFileReference; explicitFileType = wrapper.application; includeInIndex = 0; path = ConferenceApp.app; sourceTree = BUILT_PRODUCTS_DIR; };
		CEB2AE232A2AF83900DD0AFE /* ConferenceAppApp.swift */ = {isa = PBXFileReference; lastKnownFileType = sourcecode.swift; path = ConferenceAppApp.swift; sourceTree = "<group>"; };
		CEB2AE252A2AF83900DD0AFE /* ContentView.swift */ = {isa = PBXFileReference; lastKnownFileType = sourcecode.swift; path = ContentView.swift; sourceTree = "<group>"; };
		CEB2AE272A2AF83900DD0AFE /* Assets.xcassets */ = {isa = PBXFileReference; lastKnownFileType = folder.assetcatalog; path = Assets.xcassets; sourceTree = "<group>"; };
		CEB2AE2A2A2AF83900DD0AFE /* Preview Assets.xcassets */ = {isa = PBXFileReference; lastKnownFileType = folder.assetcatalog; path = "Preview Assets.xcassets"; sourceTree = "<group>"; };
		CEB2AE312A2AF85C00DD0AFE /* ProspectsView.swift */ = {isa = PBXFileReference; lastKnownFileType = sourcecode.swift; path = ProspectsView.swift; sourceTree = "<group>"; };
		CEB2AE332A2AF87A00DD0AFE /* MeView.swift */ = {isa = PBXFileReference; lastKnownFileType = sourcecode.swift; path = MeView.swift; sourceTree = "<group>"; };
		CEB2AE352A2AF98800DD0AFE /* Prospect.swift */ = {isa = PBXFileReference; lastKnownFileType = sourcecode.swift; path = Prospect.swift; sourceTree = "<group>"; };
/* End PBXFileReference section */

/* Begin PBXFrameworksBuildPhase section */
		CEB2AE1D2A2AF83900DD0AFE /* Frameworks */ = {
			isa = PBXFrameworksBuildPhase;
			buildActionMask = 2147483647;
			files = (
				CEB2AE392A2B060A00DD0AFE /* CodeScanner in Frameworks */,
			);
			runOnlyForDeploymentPostprocessing = 0;
		};
/* End PBXFrameworksBuildPhase section */

/* Begin PBXGroup section */
		CEB2AE172A2AF83900DD0AFE = {
			isa = PBXGroup;
			children = (
				CEB2AE222A2AF83900DD0AFE /* ConferenceApp */,
				CEB2AE212A2AF83900DD0AFE /* Products */,
			);
			sourceTree = "<group>";
		};
		CEB2AE212A2AF83900DD0AFE /* Products */ = {
			isa = PBXGroup;
			children = (
				CEB2AE202A2AF83900DD0AFE /* ConferenceApp.app */,
			);
			name = Products;
			sourceTree = "<group>";
		};
		CEB2AE222A2AF83900DD0AFE /* ConferenceApp */ = {
			isa = PBXGroup;
			children = (
				CEB2AE232A2AF83900DD0AFE /* ConferenceAppApp.swift */,
				CEB2AE252A2AF83900DD0AFE /* ContentView.swift */,
				CEB2AE272A2AF83900DD0AFE /* Assets.xcassets */,
				CEB2AE292A2AF83900DD0AFE /* Preview Content */,
				CEB2AE312A2AF85C00DD0AFE /* ProspectsView.swift */,
				CEB2AE332A2AF87A00DD0AFE /* MeView.swift */,
				CEB2AE352A2AF98800DD0AFE /* Prospect.swift */,
			);
			path = ConferenceApp;
			sourceTree = "<group>";
		};
		CEB2AE292A2AF83900DD0AFE /* Preview Content */ = {
			isa = PBXGroup;
			children = (
				CEB2AE2A2A2AF83900DD0AFE /* Preview Assets.xcassets */,
			);
			path = "Preview Content";
			sourceTree = "<group>";
		};
/* End PBXGroup section */

/* Begin PBXNativeTarget section */
		CEB2AE1F2A2AF83900DD0AFE /* ConferenceApp */ = {
			isa = PBXNativeTarget;
			buildConfigurationList = CEB2AE2E2A2AF83900DD0AFE /* Build configuration list for PBXNativeTarget "ConferenceApp" */;
			buildPhases = (
				CEB2AE1C2A2AF83900DD0AFE /* Sources */,
				CEB2AE1D2A2AF83900DD0AFE /* Frameworks */,
				CEB2AE1E2A2AF83900DD0AFE /* Resources */,
			);
			buildRules = (
			);
			dependencies = (
			);
			name = ConferenceApp;
			packageProductDependencies = (
				CEB2AE382A2B060A00DD0AFE /* CodeScanner */,
			);
			productName = ConferenceApp;
			productReference = CEB2AE202A2AF83900DD0AFE /* ConferenceApp.app */;
			productType = "com.apple.product-type.application";
		};
/* End PBXNativeTarget section */

/* Begin PBXProject section */
		CEB2AE182A2AF83900DD0AFE /* Project object */ = {
			isa = PBXProject;
			attributes = {
				BuildIndependentTargetsInParallel = 1;
				LastSwiftUpdateCheck = 1430;
				LastUpgradeCheck = 1430;
				TargetAttributes = {
					CEB2AE1F2A2AF83900DD0AFE = {
						CreatedOnToolsVersion = 14.3;
					};
				};
			};
			buildConfigurationList = CEB2AE1B2A2AF83900DD0AFE /* Build configuration list for PBXProject "ConferenceApp" */;
			compatibilityVersion = "Xcode 14.0";
			developmentRegion = en;
			hasScannedForEncodings = 0;
			knownRegions = (
				en,
				Base,
			);
			mainGroup = CEB2AE172A2AF83900DD0AFE;
			packageReferences = (
				CEB2AE372A2B060A00DD0AFE /* XCRemoteSwiftPackageReference "CodeScanner" */,
			);
			productRefGroup = CEB2AE212A2AF83900DD0AFE /* Products */;
			projectDirPath = "";
			projectRoot = "";
			targets = (
				CEB2AE1F2A2AF83900DD0AFE /* ConferenceApp */,
			);
		};
/* End PBXProject section */

/* Begin PBXResourcesBuildPhase section */
		CEB2AE1E2A2AF83900DD0AFE /* Resources */ = {
			isa = PBXResourcesBuildPhase;
			buildActionMask = 2147483647;
			files = (
				CEB2AE2B2A2AF83900DD0AFE /* Preview Assets.xcassets in Resources */,
				CEB2AE282A2AF83900DD0AFE /* Assets.xcassets in Resources */,
			);
			runOnlyForDeploymentPostprocessing = 0;
		};
/* End PBXResourcesBuildPhase section */

/* Begin PBXSourcesBuildPhase section */
		CEB2AE1C2A2AF83900DD0AFE /* Sources */ = {
			isa = PBXSourcesBuildPhase;
			buildActionMask = 2147483647;
			files = (
				CEB2AE342A2AF87A00DD0AFE /* MeView.swift in Sources */,
				CEB2AE362A2AF98800DD0AFE /* Prospect.swift in Sources */,
				CEB2AE322A2AF85C00DD0AFE /* ProspectsView.swift in Sources */,
				CEB2AE262A2AF83900DD0AFE /* ContentView.swift in Sources */,
				CEB2AE242A2AF83900DD0AFE /* ConferenceAppApp.swift in Sources */,
			);
			runOnlyForDeploymentPostprocessing = 0;
		};
/* End PBXSourcesBuildPhase section */

/* Begin XCBuildConfiguration section */
		CEB2AE2C2A2AF83900DD0AFE /* Debug */ = {
			isa = XCBuildConfiguration;
			buildSettings = {
				ALWAYS_SEARCH_USER_PATHS = NO;
				CLANG_ANALYZER_NONNULL = YES;
				CLANG_ANALYZER_NUMBER_OBJECT_CONVERSION = YES_AGGRESSIVE;
				CLANG_CXX_LANGUAGE_STANDARD = "gnu++20";
				CLANG_ENABLE_MODULES = YES;
				CLANG_ENABLE_OBJC_ARC = YES;
				CLANG_ENABLE_OBJC_WEAK = YES;
				CLANG_WARN_BLOCK_CAPTURE_AUTORELEASING = YES;
				CLANG_WARN_BOOL_CONVERSION = YES;
				CLANG_WARN_COMMA = YES;
				CLANG_WARN_CONSTANT_CONVERSION = YES;
				CLANG_WARN_DEPRECATED_OBJC_IMPLEMENTATIONS = YES;
				CLANG_WARN_DIRECT_OBJC_ISA_USAGE = YES_ERROR;
				CLANG_WARN_DOCUMENTATION_COMMENTS = YES;
				CLANG_WARN_EMPTY_BODY = YES;
				CLANG_WARN_ENUM_CONVERSION = YES;
				CLANG_WARN_INFINITE_RECURSION = YES;
				CLANG_WARN_INT_CONVERSION = YES;
				CLANG_WARN_NON_LITERAL_NULL_CONVERSION = YES;
				CLANG_WARN_OBJC_IMPLICIT_RETAIN_SELF = YES;
				CLANG_WARN_OBJC_LITERAL_CONVERSION = YES;
				CLANG_WARN_OBJC_ROOT_CLASS = YES_ERROR;
				CLANG_WARN_QUOTED_INCLUDE_IN_FRAMEWORK_HEADER = YES;
				CLANG_WARN_RANGE_LOOP_ANALYSIS = YES;
				CLANG_WARN_STRICT_PROTOTYPES = YES;
				CLANG_WARN_SUSPICIOUS_MOVE = YES;
				CLANG_WARN_UNGUARDED_AVAILABILITY = YES_AGGRESSIVE;
				CLANG_WARN_UNREACHABLE_CODE = YES;
				CLANG_WARN__DUPLICATE_METHOD_MATCH = YES;
				COPY_PHASE_STRIP = NO;
				DEBUG_INFORMATION_FORMAT = dwarf;
				ENABLE_STRICT_OBJC_MSGSEND = YES;
				ENABLE_TESTABILITY = YES;
				GCC_C_LANGUAGE_STANDARD = gnu11;
				GCC_DYNAMIC_NO_PIC = NO;
				GCC_NO_COMMON_BLOCKS = YES;
				GCC_OPTIMIZATION_LEVEL = 0;
				GCC_PREPROCESSOR_DEFINITIONS = (
					"DEBUG=1",
					"$(inherited)",
				);
				GCC_WARN_64_TO_32_BIT_CONVERSION = YES;
				GCC_WARN_ABOUT_RETURN_TYPE = YES_ERROR;
				GCC_WARN_UNDECLARED_SELECTOR = YES;
				GCC_WARN_UNINITIALIZED_AUTOS = YES_AGGRESSIVE;
				GCC_WARN_UNUSED_FUNCTION = YES;
				GCC_WARN_UNUSED_VARIABLE = YES;
				IPHONEOS_DEPLOYMENT_TARGET = 16.4;
				MTL_ENABLE_DEBUG_INFO = INCLUDE_SOURCE;
				MTL_FAST_MATH = YES;
				ONLY_ACTIVE_ARCH = YES;
				SDKROOT = iphoneos;
				SWIFT_ACTIVE_COMPILATION_CONDITIONS = DEBUG;
				SWIFT_OPTIMIZATION_LEVEL = "-Onone";
			};
			name = Debug;
		};
		CEB2AE2D2A2AF83900DD0AFE /* Release */ = {
			isa = XCBuildConfiguration;
			buildSettings = {
				ALWAYS_SEARCH_USER_PATHS = NO;
				CLANG_ANALYZER_NONNULL = YES;
				CLANG_ANALYZER_NUMBER_OBJECT_CONVERSION = YES_AGGRESSIVE;
				CLANG_CXX_LANGUAGE_STANDARD = "gnu++20";
				CLANG_ENABLE_MODULES = YES;
				CLANG_ENABLE_OBJC_ARC = YES;
				CLANG_ENABLE_OBJC_WEAK = YES;
				CLANG_WARN_BLOCK_CAPTURE_AUTORELEASING = YES;
				CLANG_WARN_BOOL_CONVERSION = YES;
				CLANG_WARN_COMMA = YES;
				CLANG_WARN_CONSTANT_CONVERSION = YES;
				CLANG_WARN_DEPRECATED_OBJC_IMPLEMENTATIONS = YES;
				CLANG_WARN_DIRECT_OBJC_ISA_USAGE = YES_ERROR;
				CLANG_WARN_DOCUMENTATION_COMMENTS = YES;
				CLANG_WARN_EMPTY_BODY = YES;
				CLANG_WARN_ENUM_CONVERSION = YES;
				CLANG_WARN_INFINITE_RECURSION = YES;
				CLANG_WARN_INT_CONVERSION = YES;
				CLANG_WARN_NON_LITERAL_NULL_CONVERSION = YES;
				CLANG_WARN_OBJC_IMPLICIT_RETAIN_SELF = YES;
				CLANG_WARN_OBJC_LITERAL_CONVERSION = YES;
				CLANG_WARN_OBJC_ROOT_CLASS = YES_ERROR;
				CLANG_WARN_QUOTED_INCLUDE_IN_FRAMEWORK_HEADER = YES;
				CLANG_WARN_RANGE_LOOP_ANALYSIS = YES;
				CLANG_WARN_STRICT_PROTOTYPES = YES;
				CLANG_WARN_SUSPICIOUS_MOVE = YES;
				CLANG_WARN_UNGUARDED_AVAILABILITY = YES_AGGRESSIVE;
				CLANG_WARN_UNREACHABLE_CODE = YES;
				CLANG_WARN__DUPLICATE_METHOD_MATCH = YES;
				COPY_PHASE_STRIP = NO;
				DEBUG_INFORMATION_FORMAT = "dwarf-with-dsym";
				ENABLE_NS_ASSERTIONS = NO;
				ENABLE_STRICT_OBJC_MSGSEND = YES;
				GCC_C_LANGUAGE_STANDARD = gnu11;
				GCC_NO_COMMON_BLOCKS = YES;
				GCC_WARN_64_TO_32_BIT_CONVERSION = YES;
				GCC_WARN_ABOUT_RETURN_TYPE = YES_ERROR;
				GCC_WARN_UNDECLARED_SELECTOR = YES;
				GCC_WARN_UNINITIALIZED_AUTOS = YES_AGGRESSIVE;
				GCC_WARN_UNUSED_FUNCTION = YES;
				GCC_WARN_UNUSED_VARIABLE = YES;
				IPHONEOS_DEPLOYMENT_TARGET = 16.4;
				MTL_ENABLE_DEBUG_INFO = NO;
				MTL_FAST_MATH = YES;
				SDKROOT = iphoneos;
				SWIFT_COMPILATION_MODE = wholemodule;
				SWIFT_OPTIMIZATION_LEVEL = "-O";
				VALIDATE_PRODUCT = YES;
			};
			name = Release;
		};
		CEB2AE2F2A2AF83900DD0AFE /* Debug */ = {
			isa = XCBuildConfiguration;
			buildSettings = {
				ASSETCATALOG_COMPILER_APPICON_NAME = AppIcon;
				ASSETCATALOG_COMPILER_GLOBAL_ACCENT_COLOR_NAME = AccentColor;
				CODE_SIGN_STYLE = Automatic;
				CURRENT_PROJECT_VERSION = 1;
				DEVELOPMENT_ASSET_PATHS = "\"ConferenceApp/Preview Content\"";
				DEVELOPMENT_TEAM = QAY6XTDMYU;
				ENABLE_PREVIEWS = YES;
				GENERATE_INFOPLIST_FILE = YES;
				INFOPLIST_KEY_NSCameraUsageDescription = "We need to scan QR codes";
				INFOPLIST_KEY_NSPhotoLibraryAddUsageDescription = "We want to save your QR code";
				INFOPLIST_KEY_UIApplicationSceneManifest_Generation = YES;
				INFOPLIST_KEY_UIApplicationSupportsIndirectInputEvents = YES;
				INFOPLIST_KEY_UILaunchScreen_Generation = YES;
				INFOPLIST_KEY_UISupportedInterfaceOrientations_iPad = "UIInterfaceOrientationPortrait UIInterfaceOrientationPortraitUpsideDown UIInterfaceOrientationLandscapeLeft UIInterfaceOrientationLandscapeRight";
				INFOPLIST_KEY_UISupportedInterfaceOrientations_iPhone = "UIInterfaceOrientationPortrait UIInterfaceOrientationLandscapeLeft UIInterfaceOrientationLandscapeRight";
				LD_RUNPATH_SEARCH_PATHS = (
					"$(inherited)",
					"@executable_path/Frameworks",
				);
				MARKETING_VERSION = 1.0;
				PRODUCT_BUNDLE_IDENTIFIER = com.tatiana.ConferenceApp;
				PRODUCT_NAME = "$(TARGET_NAME)";
				SWIFT_EMIT_LOC_STRINGS = YES;
				SWIFT_VERSION = 5.0;
				TARGETED_DEVICE_FAMILY = "1,2";
			};
			name = Debug;
		};
		CEB2AE302A2AF83900DD0AFE /* Release */ = {
			isa = XCBuildConfiguration;
			buildSettings = {
				ASSETCATALOG_COMPILER_APPICON_NAME = AppIcon;
				ASSETCATALOG_COMPILER_GLOBAL_ACCENT_COLOR_NAME = AccentColor;
				CODE_SIGN_STYLE = Automatic;
				CURRENT_PROJECT_VERSION = 1;
				DEVELOPMENT_ASSET_PATHS = "\"ConferenceApp/Preview Content\"";
				DEVELOPMENT_TEAM = QAY6XTDMYU;
				ENABLE_PREVIEWS = YES;
				GENERATE_INFOPLIST_FILE = YES;
				INFOPLIST_KEY_NSCameraUsageDescription = "We need to scan QR codes";
				INFOPLIST_KEY_NSPhotoLibraryAddUsageDescription = "We want to save your QR code";
				INFOPLIST_KEY_UIApplicationSceneManifest_Generation = YES;
				INFOPLIST_KEY_UIApplicationSupportsIndirectInputEvents = YES;
				INFOPLIST_KEY_UILaunchScreen_Generation = YES;
				INFOPLIST_KEY_UISupportedInterfaceOrientations_iPad = "UIInterfaceOrientationPortrait UIInterfaceOrientationPortraitUpsideDown UIInterfaceOrientationLandscapeLeft UIInterfaceOrientationLandscapeRight";
				INFOPLIST_KEY_UISupportedInterfaceOrientations_iPhone = "UIInterfaceOrientationPortrait UIInterfaceOrientationLandscapeLeft UIInterfaceOrientationLandscapeRight";
				LD_RUNPATH_SEARCH_PATHS = (
					"$(inherited)",
					"@executable_path/Frameworks",
				);
				MARKETING_VERSION = 1.0;
				PRODUCT_BUNDLE_IDENTIFIER = com.tatiana.ConferenceApp;
				PRODUCT_NAME = "$(TARGET_NAME)";
				SWIFT_EMIT_LOC_STRINGS = YES;
				SWIFT_VERSION = 5.0;
				TARGETED_DEVICE_FAMILY = "1,2";
			};
			name = Release;
		};
/* End XCBuildConfiguration section */

/* Begin XCConfigurationList section */
		CEB2AE1B2A2AF83900DD0AFE /* Build configuration list for PBXProject "ConferenceApp" */ = {
			isa = XCConfigurationList;
			buildConfigurations = (
				CEB2AE2C2A2AF83900DD0AFE /* Debug */,
				CEB2AE2D2A2AF83900DD0AFE /* Release */,
			);
			defaultConfigurationIsVisible = 0;
			defaultConfigurationName = Release;
		};
		CEB2AE2E2A2AF83900DD0AFE /* Build configuration list for PBXNativeTarget "ConferenceApp" */ = {
			isa = XCConfigurationList;
			buildConfigurations = (
				CEB2AE2F2A2AF83900DD0AFE /* Debug */,
				CEB2AE302A2AF83900DD0AFE /* Release */,
			);
			defaultConfigurationIsVisible = 0;
			defaultConfigurationName = Release;
		};
/* End XCConfigurationList section */

/* Begin XCRemoteSwiftPackageReference section */
		CEB2AE372A2B060A00DD0AFE /* XCRemoteSwiftPackageReference "CodeScanner" */ = {
			isa = XCRemoteSwiftPackageReference;
			repositoryURL = "https://github.com/twostraws/CodeScanner";
			requirement = {
				kind = upToNextMajorVersion;
				minimumVersion = 2.0.0;
			};
		};
/* End XCRemoteSwiftPackageReference section */

/* Begin XCSwiftPackageProductDependency section */
		CEB2AE382A2B060A00DD0AFE /* CodeScanner */ = {
			isa = XCSwiftPackageProductDependency;
			package = CEB2AE372A2B060A00DD0AFE /* XCRemoteSwiftPackageReference "CodeScanner" */;
			productName = CodeScanner;
		};
/* End XCSwiftPackageProductDependency section */
	};
	rootObject = CEB2AE182A2AF83900DD0AFE /* Project object */;
}
